
Microsoft Visual Studio Solution File, Format Version 12.00
# Visual Studio Version 17
VisualStudioVersion = 17.11.34909.67
MinimumVisualStudioVersion = 10.0.40219.1
Project("{FAE04EC0-301F-11D3-BF4B-00C04F79EFBC}") = "Raylib RPG", "Raylib RPG\Raylib RPG.csproj", "{BE374306-2733-4677-B4E6-07C23AC45567}"
EndProject
Global
	GlobalSection(SolutionConfigurationPlatforms) = preSolution
		Debug|Any CPU = Debug|Any CPU
		Release|Any CPU = Release|Any CPU
	EndGlobalSection
	GlobalSection(ProjectConfigurationPlatforms) = postSolution
		{BE374306-2733-4677-B4E6-07C23AC45567}.Debug|Any CPU.ActiveCfg = Debug|Any CPU
		{BE374306-2733-4677-B4E6-07C23AC45567}.Debug|Any CPU.Build.0 = Debug|Any CPU
		{BE374306-2733-4677-B4E6-07C23AC45567}.Release|Any CPU.ActiveCfg = Release|Any CPU
		{BE374306-2733-4677-B4E6-07C23AC45567}.Release|Any CPU.Build.0 = Release|Any CPU
	EndGlobalSection
	GlobalSection(SolutionProperties) = preSolution
		HideSolutionNode = FALSE
	EndGlobalSection
	GlobalSection(ExtensibilityGlobals) = postSolution
		SolutionGuid = {4B357B6D-007B-4B45-B8D9-3E594FC44AA8}
	EndGlobalSection
EndGlobal
